
Microsoft Visual Studio Solution File, Format Version 12.00
# Visual Studio Version 16
VisualStudioVersion = 16.0.32510.428
MinimumVisualStudioVersion = 10.0.40219.1
Project("{FAE04EC0-301F-11D3-BF4B-00C04F79EFBC}") = "26", "26\26.csproj", "{52155DB5-63C1-4A77-B4BB-05F7C83F6D20}"
EndProject
Global
	GlobalSection(SolutionConfigurationPlatforms) = preSolution
		Debug|Any CPU = Debug|Any CPU
		Release|Any CPU = Release|Any CPU
	EndGlobalSection
	GlobalSection(ProjectConfigurationPlatforms) = postSolution
		{52155DB5-63C1-4A77-B4BB-05F7C83F6D20}.Debug|Any CPU.ActiveCfg = Debug|Any CPU
		{52155DB5-63C1-4A77-B4BB-05F7C83F6D20}.Debug|Any CPU.Build.0 = Debug|Any CPU
		{52155DB5-63C1-4A77-B4BB-05F7C83F6D20}.Release|Any CPU.ActiveCfg = Release|Any CPU
		{52155DB5-63C1-4A77-B4BB-05F7C83F6D20}.Release|Any CPU.Build.0 = Release|Any CPU
	EndGlobalSection
	GlobalSection(SolutionProperties) = preSolution
		HideSolutionNode = FALSE
	EndGlobalSection
	GlobalSection(ExtensibilityGlobals) = postSolution
		SolutionGuid = {4777F187-3EA9-4DF8-A494-2C73806EFA33}
	EndGlobalSection
EndGlobal
